
Microsoft Visual Studio Solution File, Format Version 12.00
# Visual Studio Version 17
VisualStudioVersion = 17.8.34309.116
MinimumVisualStudioVersion = 10.0.40219.1
Project("{8BC9CEB8-8B4A-11D0-8D11-00A0C91BC942}") = "threadpool", "threadpool.vcxproj", "{247C1041-4F89-414E-845D-A2D93ABC1D0D}"
EndProject
Global
	GlobalSection(SolutionConfigurationPlatforms) = preSolution
		Debug|x64 = Debug|x64
		Debug|x86 = Debug|x86
		Release|x64 = Release|x64
		Release|x86 = Release|x86
	EndGlobalSection
	GlobalSection(ProjectConfigurationPlatforms) = postSolution
		{247C1041-4F89-414E-845D-A2D93ABC1D0D}.Debug|x64.ActiveCfg = Debug|x64
		{247C1041-4F89-414E-845D-A2D93ABC1D0D}.Debug|x64.Build.0 = Debug|x64
		{247C1041-4F89-414E-845D-A2D93ABC1D0D}.Debug|x86.ActiveCfg = Debug|Win32
		{247C1041-4F89-414E-845D-A2D93ABC1D0D}.Debug|x86.Build.0 = Debug|Win32
		{247C1041-4F89-414E-845D-A2D93ABC1D0D}.Release|x64.ActiveCfg = Release|x64
		{247C1041-4F89-414E-845D-A2D93ABC1D0D}.Release|x64.Build.0 = Release|x64
		{247C1041-4F89-414E-845D-A2D93ABC1D0D}.Release|x86.ActiveCfg = Release|Win32
		{247C1041-4F89-414E-845D-A2D93ABC1D0D}.Release|x86.Build.0 = Release|Win32
	EndGlobalSection
	GlobalSection(SolutionProperties) = preSolution
		HideSolutionNode = FALSE
	EndGlobalSection
	GlobalSection(ExtensibilityGlobals) = postSolution
		SolutionGuid = {5BA54DC8-3E7D-4640-BC7F-8B84AEE8CF83}
	EndGlobalSection
EndGlobal
